{
  "name": "novel-code",
  "version": "0.3.0",
  "lockfileVersion": 3,
  "requires": true,
  "packages": {
    "": {
      "name": "novel-code",
      "version": "0.3.0",
      "license": "MIT",
      "bin": {
        "novel-code": "bin/novel-code.js"
      },
      "engines": {
        "node": ">=20"
      }
    }
  }
}
